#MicroXplorer Configuration settings - do not modify
ADC1.Channel-0\#ChannelRegularConversion=ADC_CHANNEL_8
ADC1.IPParameters=Channel-0\#ChannelRegularConversion,NbrOfConversionFlag,master
ADC1.NbrOfConversionFlag=1
ADC1.master=1
FREERTOS.IPParameters=Tasks01
FREERTOS.Tasks01=defaultTask,0,128,StartDefaultTask
File.Version=6
KeepUserPlacement=false
Mcu.Family=STM32F1
Mcu.IP0=ADC1
Mcu.IP1=FREERTOS
Mcu.IP10=USB
Mcu.IP11=USB_DEVICE
Mcu.IP2=NVIC
Mcu.IP3=RCC
Mcu.IP4=RTC
Mcu.IP5=SPI1
Mcu.IP6=SPI2
Mcu.IP7=SYS
Mcu.IP8=TIM3
Mcu.IP9=USART2
Mcu.IPNb=12
Mcu.Name=STM32F103R(C-D-E)Tx
Mcu.Package=LQFP64
Mcu.Pin0=PC13-TAMPER-RTC
Mcu.Pin1=PC14-OSC32_IN
Mcu.Pin10=PA1
Mcu.Pin11=PA2
Mcu.Pin12=PA3
Mcu.Pin13=PA4
Mcu.Pin14=PA5
Mcu.Pin15=PA6
Mcu.Pin16=PA7
Mcu.Pin17=PC4
Mcu.Pin18=PC5
Mcu.Pin19=PB0
Mcu.Pin2=PC15-OSC32_OUT
Mcu.Pin20=PB1
Mcu.Pin21=PB2
Mcu.Pin22=PB10
Mcu.Pin23=PB11
Mcu.Pin24=PB12
Mcu.Pin25=PB13
Mcu.Pin26=PB14
Mcu.Pin27=PB15
Mcu.Pin28=PC6
Mcu.Pin29=PC7
Mcu.Pin3=PD0-OSC_IN
Mcu.Pin30=PC8
Mcu.Pin31=PC9
Mcu.Pin32=PA8
Mcu.Pin33=PA9
Mcu.Pin34=PA10
Mcu.Pin35=PA11
Mcu.Pin36=PA12
Mcu.Pin37=PA13
Mcu.Pin38=PA14
Mcu.Pin39=PA15
Mcu.Pin4=PD1-OSC_OUT
Mcu.Pin40=PC10
Mcu.Pin41=PC11
Mcu.Pin42=PC12
Mcu.Pin43=PD2
Mcu.Pin44=PB3
Mcu.Pin45=PB4
Mcu.Pin46=PB5
Mcu.Pin47=PB6
Mcu.Pin48=PB7
Mcu.Pin49=PB8
Mcu.Pin5=PC0
Mcu.Pin50=PB9
Mcu.Pin51=VP_ADC1_TempSens_Input
Mcu.Pin52=VP_FREERTOS_VS_ENABLE
Mcu.Pin53=VP_RTC_No_RTC_Output
Mcu.Pin54=VP_TIM3_VS_ClockSourceINT
Mcu.Pin55=VP_USB_DEVICE_VS_USB_DEVICE_CDC_FS
Mcu.Pin6=PC1
Mcu.Pin7=PC2
Mcu.Pin8=PC3
Mcu.Pin9=PA0-WKUP
Mcu.PinsNb=56
Mcu.UserConstants=
Mcu.UserName=STM32F103RETx
MxCube.Version=4.11.0
MxDb.Version=DB.4.0.110
NVIC.PriorityGroup=NVIC_PRIORITYGROUP_4
NVIC.RCC_IRQn=true\:5\:0\:false
NVIC.SysTick_IRQn=true\:0\:0\:false
NVIC.USART2_IRQn=true\:5\:0\:false
NVIC.USB_LP_CAN1_RX0_IRQn=true\:5\:0\:false
PA0-WKUP.GPIOParameters=GPIO_PuPd,GPIO_Label,GPIO_Mode
PA0-WKUP.GPIO_Label=WAN_RTS
PA0-WKUP.GPIO_Mode=GPIO_MODE_INPUT
PA0-WKUP.GPIO_PuPd=GPIO_NOPULL
PA0-WKUP.Mode=CTS_RTS
PA0-WKUP.Signal=USART2_CTS
PA1.GPIOParameters=GPIO_Speed,GPIO_Label,GPIO_Mode
PA1.GPIO_Label=WAN_CTS
PA1.GPIO_Mode=GPIO_MODE_AF_PP
PA1.GPIO_Speed=GPIO_SPEED_HIGH
PA1.Mode=CTS_RTS
PA1.Signal=USART2_RTS
PA10.GPIOParameters=GPIO_PuPd,GPIO_Label,GPIO_Mode
PA10.GPIO_Label=BOOTLOADER_RX
PA10.GPIO_Mode=GPIO_MODE_INPUT
PA10.GPIO_PuPd=GPIO_NOPULL
PA10.Locked=true
PA10.Signal=GPIO_Input
PA11.Mode=Device
PA11.Signal=USB_DM
PA12.Mode=Device
PA12.Signal=USB_DP
PA13.Mode=Serial_Wire
PA13.Signal=SYS_JTMS-SWDIO
PA14.Mode=Serial_Wire
PA14.Signal=SYS_JTCK-SWCLK
PA15.GPIOParameters=GPIO_Speed,GPIO_Label,GPIO_ModeDefaultOutputPP
PA15.GPIO_Label=WAN_PWKEY
PA15.GPIO_ModeDefaultOutputPP=GPIO_MODE_OUTPUT_OD
PA15.GPIO_Speed=GPIO_SPEED_LOW
PA15.Locked=true
PA15.Signal=GPIO_Output
PA2.GPIOParameters=GPIO_Speed,GPIO_Label,GPIO_Mode
PA2.GPIO_Label=WAN_RX
PA2.GPIO_Mode=GPIO_MODE_AF_PP
PA2.GPIO_Speed=GPIO_SPEED_HIGH
PA2.Locked=true
PA2.Mode=Asynchronous
PA2.Signal=USART2_TX
PA3.GPIOParameters=GPIO_PuPd,GPIO_Label,GPIO_Mode
PA3.GPIO_Label=WAN_TX
PA3.GPIO_Mode=GPIO_MODE_INPUT
PA3.GPIO_PuPd=GPIO_NOPULL
PA3.Locked=true
PA3.Mode=Asynchronous
PA3.Signal=USART2_RX
PA4.GPIOParameters=GPIO_PuPd,GPIO_Label,GPIO_Mode
PA4.GPIO_Label=WAN_IRQ
PA4.GPIO_Mode=GPIO_MODE_INPUT
PA4.GPIO_PuPd=GPIO_NOPULL
PA4.Locked=true
PA4.Signal=GPIO_Input
PA5.GPIOParameters=GPIO_Speed,GPIO_Label,GPIO_Mode
PA5.GPIO_Label=EEPROM_SCK
PA5.GPIO_Mode=GPIO_MODE_AF_PP
PA5.GPIO_Speed=GPIO_SPEED_HIGH
PA5.Locked=true
PA5.Mode=Full_Duplex_Master
PA5.Signal=SPI1_SCK
PA6.GPIOParameters=GPIO_PuPd,GPIO_Label,GPIO_Mode
PA6.GPIO_Label=EEPROM_MISO
PA6.GPIO_Mode=GPIO_MODE_INPUT
PA6.GPIO_PuPd=GPIO_NOPULL
PA6.Locked=true
PA6.Mode=Full_Duplex_Master
PA6.Signal=SPI1_MISO
PA7.GPIOParameters=GPIO_Speed,GPIO_Label,GPIO_Mode
PA7.GPIO_Label=EEPROM_MOSI
PA7.GPIO_Mode=GPIO_MODE_AF_PP
PA7.GPIO_Speed=GPIO_SPEED_HIGH
PA7.Locked=true
PA7.Mode=Full_Duplex_Master
PA7.Signal=SPI1_MOSI
PA8.GPIOParameters=GPIO_Speed,GPIO_Label,GPIO_ModeDefaultOutputPP
PA8.GPIO_Label=EPROM_CS
PA8.GPIO_ModeDefaultOutputPP=GPIO_MODE_OUTPUT_PP
PA8.GPIO_Speed=GPIO_SPEED_HIGH
PA8.Locked=true
PA8.Signal=GPIO_Output
PA9.GPIOParameters=GPIO_Speed,GPIO_Label,GPIO_ModeDefaultOutputPP
PA9.GPIO_Label=USB_ON
PA9.GPIO_ModeDefaultOutputPP=GPIO_MODE_OUTPUT_PP
PA9.GPIO_Speed=GPIO_SPEED_LOW
PA9.Locked=true
PA9.Signal=GPIO_Output
PB0.GPIOParameters=GPIO_Label,GPIO_Mode
PB0.GPIO_Label=BAT_Voltage
PB0.GPIO_Mode=GPIO_MODE_ANALOG
PB0.Locked=true
PB0.Signal=ADCx_IN8
PB1.GPIOParameters=GPIO_PuPd,GPIO_Label,GPIO_Mode
PB1.GPIO_Label=EXT_POWER
PB1.GPIO_Mode=GPIO_MODE_INPUT
PB1.GPIO_PuPd=GPIO_NOPULL
PB1.Locked=true
PB1.Signal=GPIO_Input
PB10.GPIOParameters=GPIO_Speed,GPIO_Label,GPIO_ModeDefaultOutputPP
PB10.GPIO_Label=KEY_COL1
PB10.GPIO_ModeDefaultOutputPP=GPIO_MODE_OUTPUT_OD
PB10.GPIO_Speed=GPIO_SPEED_LOW
PB10.Locked=true
PB10.Signal=GPIO_Output
PB11.GPIOParameters=GPIO_Speed,GPIO_Label,GPIO_ModeDefaultOutputPP
PB11.GPIO_Label=KEY_COL2
PB11.GPIO_ModeDefaultOutputPP=GPIO_MODE_OUTPUT_OD
PB11.GPIO_Speed=GPIO_SPEED_LOW
PB11.Locked=true
PB11.Signal=GPIO_Output
PB12.GPIOParameters=GPIO_Speed,GPIO_Label,GPIO_ModeDefaultOutputPP
PB12.GPIO_Label=CC110l_CS
PB12.GPIO_ModeDefaultOutputPP=GPIO_MODE_OUTPUT_PP
PB12.GPIO_Speed=GPIO_SPEED_MEDIUM
PB12.Locked=true
PB12.Signal=GPIO_Output
PB13.GPIOParameters=GPIO_Speed,GPIO_Label,GPIO_Mode
PB13.GPIO_Label=CC110L_SCK
PB13.GPIO_Mode=GPIO_MODE_AF_PP
PB13.GPIO_Speed=GPIO_SPEED_HIGH
PB13.Locked=true
PB13.Mode=Full_Duplex_Master
PB13.Signal=SPI2_SCK
PB14.GPIOParameters=GPIO_PuPd,GPIO_Label,GPIO_Mode
PB14.GPIO_Label=CC110L_MISO
PB14.GPIO_Mode=GPIO_MODE_INPUT
PB14.GPIO_PuPd=GPIO_NOPULL
PB14.Locked=true
PB14.Mode=Full_Duplex_Master
PB14.Signal=SPI2_MISO
PB15.GPIOParameters=GPIO_Speed,GPIO_Label,GPIO_Mode
PB15.GPIO_Label=CC110L_MOSI
PB15.GPIO_Mode=GPIO_MODE_AF_PP
PB15.GPIO_Speed=GPIO_SPEED_HIGH
PB15.Locked=true
PB15.Mode=Full_Duplex_Master
PB15.Signal=SPI2_MOSI
PB2.GPIOParameters=GPIO_Speed,GPIO_ModeDefaultOutputPP
PB2.GPIO_ModeDefaultOutputPP=GPIO_MODE_OUTPUT_PP
PB2.GPIO_Speed=GPIO_SPEED_LOW
PB2.Locked=true
PB2.Signal=GPIO_Output
PB3.GPIOParameters=GPIO_PuPd,GPIO_Mode
PB3.GPIO_Mode=GPIO_MODE_INPUT
PB3.GPIO_PuPd=GPIO_NOPULL
PB3.Locked=true
PB3.Signal=GPIO_Input
PB4.GPIOParameters=GPIO_PuPd,GPIO_Label,GPIO_Mode
PB4.GPIO_Label=CC110L_GDO0
PB4.GPIO_Mode=GPIO_MODE_INPUT
PB4.GPIO_PuPd=GPIO_NOPULL
PB4.Locked=true
PB4.Signal=GPIO_Input
PB5.GPIOParameters=GPIO_PuPd,GPIO_Label,GPIO_Mode
PB5.GPIO_Label=CC110L_GDO2
PB5.GPIO_Mode=GPIO_MODE_INPUT
PB5.GPIO_PuPd=GPIO_NOPULL
PB5.Locked=true
PB5.Signal=GPIO_Input
PB6.GPIOParameters=GPIO_PuPd,GPIO_Label,GPIO_Mode
PB6.GPIO_Label=KEY_ROW1
PB6.GPIO_Mode=GPIO_MODE_INPUT
PB6.GPIO_PuPd=GPIO_NOPULL
PB6.Locked=true
PB6.Signal=GPIO_Input
PB7.GPIOParameters=GPIO_PuPd,GPIO_Label,GPIO_Mode
PB7.GPIO_Label=KEY_ROW2
PB7.GPIO_Mode=GPIO_MODE_INPUT
PB7.GPIO_PuPd=GPIO_NOPULL
PB7.Locked=true
PB7.Signal=GPIO_Input
PB8.GPIOParameters=GPIO_PuPd,GPIO_Label,GPIO_Mode
PB8.GPIO_Label=KEY_ROW3
PB8.GPIO_Mode=GPIO_MODE_INPUT
PB8.GPIO_PuPd=GPIO_NOPULL
PB8.Locked=true
PB8.Signal=GPIO_Input
PB9.GPIOParameters=GPIO_PuPd,GPIO_Label,GPIO_Mode
PB9.GPIO_Label=WAN_DCD
PB9.GPIO_Mode=GPIO_MODE_INPUT
PB9.GPIO_PuPd=GPIO_NOPULL
PB9.Locked=true
PB9.Signal=GPIO_Input
PC0.GPIOParameters=GPIO_Speed,GPIO_Label,GPIO_ModeDefaultOutputPP
PC0.GPIO_Label=LCD_D0
PC0.GPIO_ModeDefaultOutputPP=GPIO_MODE_OUTPUT_PP
PC0.GPIO_Speed=GPIO_SPEED_HIGH
PC0.Locked=true
PC0.Signal=GPIO_Output
PC1.GPIOParameters=GPIO_Speed,GPIO_Label,GPIO_ModeDefaultOutputPP
PC1.GPIO_Label=LCD_D1
PC1.GPIO_ModeDefaultOutputPP=GPIO_MODE_OUTPUT_PP
PC1.GPIO_Speed=GPIO_SPEED_HIGH
PC1.Locked=true
PC1.Signal=GPIO_Output
PC10.GPIOParameters=GPIO_Speed,GPIO_Label,GPIO_ModeDefaultOutputPP
PC10.GPIO_Label=LCD_A0
PC10.GPIO_ModeDefaultOutputPP=GPIO_MODE_OUTPUT_PP
PC10.GPIO_Speed=GPIO_SPEED_HIGH
PC10.Locked=true
PC10.Signal=GPIO_Output
PC11.GPIOParameters=GPIO_Speed,GPIO_Label,GPIO_ModeDefaultOutputPP
PC11.GPIO_Label=LCD_~WR
PC11.GPIO_ModeDefaultOutputPP=GPIO_MODE_OUTPUT_PP
PC11.GPIO_Speed=GPIO_SPEED_HIGH
PC11.Locked=true
PC11.Signal=GPIO_Output
PC12.GPIOParameters=GPIO_Speed,GPIO_Label,GPIO_ModeDefaultOutputPP
PC12.GPIO_Label=LCD_~RD
PC12.GPIO_ModeDefaultOutputPP=GPIO_MODE_OUTPUT_PP
PC12.GPIO_Speed=GPIO_SPEED_HIGH
PC12.Locked=true
PC12.Signal=GPIO_Output
PC13-TAMPER-RTC.GPIOParameters=GPIO_Speed,GPIO_Label,GPIO_ModeDefaultOutputPP
PC13-TAMPER-RTC.GPIO_Label=LCD_~RES
PC13-TAMPER-RTC.GPIO_ModeDefaultOutputPP=GPIO_MODE_OUTPUT_PP
PC13-TAMPER-RTC.GPIO_Speed=GPIO_SPEED_LOW
PC13-TAMPER-RTC.Locked=true
PC13-TAMPER-RTC.Signal=GPIO_Output
PC14-OSC32_IN.Mode=LSE-External-Oscillator
PC14-OSC32_IN.Signal=RCC_OSC32_IN
PC15-OSC32_OUT.Mode=LSE-External-Oscillator
PC15-OSC32_OUT.Signal=RCC_OSC32_OUT
PC2.GPIOParameters=GPIO_Speed,GPIO_Label,GPIO_ModeDefaultOutputPP
PC2.GPIO_Label=LCD_D2
PC2.GPIO_ModeDefaultOutputPP=GPIO_MODE_OUTPUT_PP
PC2.GPIO_Speed=GPIO_SPEED_HIGH
PC2.Locked=true
PC2.Signal=GPIO_Output
PC3.GPIOParameters=GPIO_Speed,GPIO_Label,GPIO_ModeDefaultOutputPP
PC3.GPIO_Label=LCD_D3
PC3.GPIO_ModeDefaultOutputPP=GPIO_MODE_OUTPUT_PP
PC3.GPIO_Speed=GPIO_SPEED_HIGH
PC3.Locked=true
PC3.Signal=GPIO_Output
PC4.GPIOParameters=GPIO_Speed,GPIO_Label,GPIO_ModeDefaultOutputPP
PC4.GPIO_Label=LCD_D4
PC4.GPIO_ModeDefaultOutputPP=GPIO_MODE_OUTPUT_PP
PC4.GPIO_Speed=GPIO_SPEED_HIGH
PC4.Locked=true
PC4.Signal=GPIO_Output
PC5.GPIOParameters=GPIO_Speed,GPIO_Label,GPIO_ModeDefaultOutputPP
PC5.GPIO_Label=LCD_D5
PC5.GPIO_ModeDefaultOutputPP=GPIO_MODE_OUTPUT_PP
PC5.GPIO_Speed=GPIO_SPEED_HIGH
PC5.Locked=true
PC5.Signal=GPIO_Output
PC6.GPIOParameters=GPIO_Speed,GPIO_Label,GPIO_ModeDefaultOutputPP
PC6.GPIO_Label=LCD_D6
PC6.GPIO_ModeDefaultOutputPP=GPIO_MODE_OUTPUT_PP
PC6.GPIO_Speed=GPIO_SPEED_HIGH
PC6.Locked=true
PC6.Signal=GPIO_Output
PC7.GPIOParameters=GPIO_Speed,GPIO_Label,GPIO_ModeDefaultOutputPP
PC7.GPIO_Label=LCD_D7
PC7.GPIO_ModeDefaultOutputPP=GPIO_MODE_OUTPUT_PP
PC7.GPIO_Speed=GPIO_SPEED_HIGH
PC7.Locked=true
PC7.Signal=GPIO_Output
PC8.GPIOParameters=GPIO_Label
PC8.GPIO_Label=LCD_LED
PC8.Locked=true
PC8.Signal=GPIO_Output
PC9.GPIOParameters=GPIO_Speed,GPIO_Label,GPIO_ModeDefaultOutputPP
PC9.GPIO_Label=LCD_~CS1
PC9.GPIO_ModeDefaultOutputPP=GPIO_MODE_OUTPUT_PP
PC9.GPIO_Speed=GPIO_SPEED_HIGH
PC9.Locked=true
PC9.Signal=GPIO_Output
PCC.Battery=Li-SOCL2(A3400)
PCC.Battery.Capacity=3400.0
PCC.Battery.Compatibility=Yes
PCC.Battery.InParallel=1
PCC.Battery.InSeries=1
PCC.Battery.MaxContinuous=100.0
PCC.Battery.MaxPulseCurrent=200.0
PCC.Battery.NominalVoltage=3.6
PCC.Battery.SelfDischarge=0.08
PCC.Checker=false
PCC.Line=STM32F103
PCC.MCU=STM32F103R(C-D-E)Tx
PCC.MXVersion=4.18.0
PCC.PartNumber=STM32F103RETx
PCC.Seq0=1
PCC.Seq0.Step0.Average_Current=38.24 mA
PCC.Seq0.Step0.CPU_Frequency=72.0 MHz
PCC.Seq0.Step0.Category=Datasheet
PCC.Seq0.Step0.DMIPS=90.0
PCC.Seq0.Step0.Duration=1 ms
PCC.Seq0.Step0.Frequency=8.0 MHz
PCC.Seq0.Step0.Memory=FLASH
PCC.Seq0.Step0.Mode=RUN
PCC.Seq0.Step0.Oscillator=HSE PLL
PCC.Seq0.Step0.Peripherals=ADC2 GPIOA GPIOB GPIOC GPIOD RTC SPI1 SPI2 TIM3 USART2 USB
PCC.Seq0.Step0.TaMax=85.0
PCC.Seq0.Step0.User's_Consumption=0 mA
PCC.Seq0.Step0.Vcore=No Scale
PCC.Seq0.Step0.Vdd=3.3
PCC.Seq0.Step0.Voltage_Source=Battery
PCC.Series=STM32F1
PCC.Temperature=25
PCC.Vdd=3.3
PD0-OSC_IN.Locked=true
PD0-OSC_IN.Mode=HSE-External-Oscillator
PD0-OSC_IN.Signal=RCC_OSC_IN
PD1-OSC_OUT.Mode=HSE-External-Oscillator
PD1-OSC_OUT.Signal=RCC_OSC_OUT
PD2.GPIOParameters=GPIO_PuPd,GPIO_Label,GPIO_Mode
PD2.GPIO_Label=WAN_DTR
PD2.GPIO_Mode=GPIO_MODE_INPUT
PD2.GPIO_PuPd=GPIO_NOPULL
PD2.Locked=true
PD2.Signal=GPIO_Input
ProjectManager.AskForMigrate=false
ProjectManager.BackupPrevious=false
ProjectManager.CompilerOptimize=2
ProjectManager.ComputerToolchain=false
ProjectManager.CoupleFile=false
ProjectManager.CustomerFirmwarePackage=
ProjectManager.DefaultFWLocation=true
ProjectManager.DeletePrevious=true
ProjectManager.DeviceId=STM32F103RETx
ProjectManager.FirmwarePackage=STM32Cube FW_F1 V1.2.0
ProjectManager.FreePins=false
ProjectManager.HalAssertFull=false
ProjectManager.HeapSize=0x200
ProjectManager.KeepUserCode=true
ProjectManager.LastFirmware=true
ProjectManager.LibraryCopy=0
ProjectManager.PreviousToolchain=
ProjectManager.ProjectBuild=false
ProjectManager.ProjectFileName=Indicator_Pallada.ioc
ProjectManager.ProjectName=Indicator_Pallada
ProjectManager.StackSize=0x400
ProjectManager.TargetToolchain=EWARM
ProjectManager.ToolChainLocation=
ProjectManager.UnderRoot=false
ProjectManager.functionlistsort=1-MX_GPIO_Init-GPIO-false-HAL,2-SystemClock_Config-RCC-false-HAL,3-MX_ADC1_Init-ADC1-false-HAL,4-MX_RTC_Init-RTC-false-HAL,5-MX_SPI1_Init-SPI1-false-HAL,6-MX_SPI2_Init-SPI2-false-HAL,7-MX_TIM3_Init-TIM3-false-HAL,8-MX_USART2_UART_Init-USART2-false-HAL,9-MX_USB_DEVICE_Init-USB_DEVICE-false-HAL
RCC.ADCFreqValue=12000000
RCC.ADCPresc=RCC_ADCPCLK2_DIV6
RCC.AHBFreq_Value=72000000
RCC.APB1CLKDivider=RCC_HCLK_DIV2
RCC.APB1Freq_Value=36000000
RCC.APB1TimFreq_Value=72000000
RCC.APB2Freq_Value=72000000
RCC.APB2TimFreq_Value=72000000
RCC.FCLKCortexFreq_Value=72000000
RCC.FamilyName=M
RCC.HCLKFreq_Value=72000000
RCC.HSIState=RCC_HSI_ON
RCC.I2S2Freq_Value=72000000
RCC.I2S3Freq_Value=72000000
RCC.IPParameters=ADCFreqValue,ADCPresc,AHBFreq_Value,APB1CLKDivider,APB1Freq_Value,APB1TimFreq_Value,APB2Freq_Value,APB2TimFreq_Value,FCLKCortexFreq_Value,FamilyName,HCLKFreq_Value,HSIState,I2S2Freq_Value,I2S3Freq_Value,MCOFreq_Value,PLLCLKFreq_Value,PLLMCOFreq_Value,PLLMUL,PLLSourceVirtual,SDIOFreq_Value,SDIOHCLKDiv2FreqValue,SYSCLKFreq_VALUE,SYSCLKSource,TimSysFreq_Value,USBFreq_Value,USBPrescaler,VCOOutput2Freq_Value
RCC.MCOFreq_Value=72000000
RCC.PLLCLKFreq_Value=72000000
RCC.PLLMCOFreq_Value=36000000
RCC.PLLMUL=RCC_PLL_MUL9
RCC.PLLSourceVirtual=RCC_PLLSOURCE_HSE
RCC.SDIOFreq_Value=72000000
RCC.SDIOHCLKDiv2FreqValue=36000000
RCC.SYSCLKFreq_VALUE=72000000
RCC.SYSCLKSource=RCC_SYSCLKSOURCE_PLLCLK
RCC.TimSysFreq_Value=72000000
RCC.USBFreq_Value=48000000
RCC.USBPrescaler=RCC_USBPLLCLK_DIV1_5
RCC.VCOOutput2Freq_Value=8000000
RTC.Format=FORMAT_BIN
RTC.IPParameters=Format
SH.ADCx_IN8.0=ADC1_IN8,IN8
SH.ADCx_IN8.ConfNb=1
SPI1.BaudRatePrescaler=SPI_BAUDRATEPRESCALER_8
SPI1.CalculateBaudRate=9.0 MBits/s
SPI1.FirstBit=SPI_FIRSTBIT_MSB
SPI1.IPParameters=Mode,CalculateBaudRate,BaudRatePrescaler,FirstBit
SPI1.Mode=SPI_MODE_MASTER
SPI2.BaudRatePrescaler=SPI_BAUDRATEPRESCALER_4
SPI2.CalculateBaudRate=9.0 MBits/s
SPI2.IPParameters=Mode,BaudRatePrescaler,CalculateBaudRate
SPI2.Mode=SPI_MODE_MASTER
USB_DEVICE.IPParameters=VirtualMode,VirtualModeFS,USBD_HandleTypeDef
USB_DEVICE.USBD_HandleTypeDef=hUsbDeviceFS
USB_DEVICE.VirtualMode=Cdc
USB_DEVICE.VirtualModeFS=Cdc_FS
VP_ADC1_TempSens_Input.Mode=IN-TempSens
VP_ADC1_TempSens_Input.Signal=ADC1_TempSens_Input
VP_FREERTOS_VS_ENABLE.Mode=Enabled
VP_FREERTOS_VS_ENABLE.Signal=FREERTOS_VS_ENABLE
VP_RTC_No_RTC_Output.Mode=RTC OUT
VP_RTC_No_RTC_Output.Signal=RTC_No_RTC_Output
VP_TIM3_VS_ClockSourceINT.Mode=Internal
VP_TIM3_VS_ClockSourceINT.Signal=TIM3_VS_ClockSourceINT
VP_USB_DEVICE_VS_USB_DEVICE_CDC_FS.Mode=CDC_FS
VP_USB_DEVICE_VS_USB_DEVICE_CDC_FS.Signal=USB_DEVICE_VS_USB_DEVICE_CDC_FS
board=Indicator_Pallada
